
Microsoft Visual Studio Solution File, Format Version 12.00
# Visual Studio Version 16
VisualStudioVersion = 25.0.1704.3
MinimumVisualStudioVersion = 10.0.40219.1
Project("{FAE04EC0-301F-11D3-BF4B-00C04F79EFBC}") = "ORMDapper", "ORMDapper\ORMDapper.csproj", "{23897F2C-28F1-42F0-8C9F-6CFA41856E2A}"
EndProject
Global
	GlobalSection(SolutionConfigurationPlatforms) = preSolution
		Debug|Any CPU = Debug|Any CPU
		Release|Any CPU = Release|Any CPU
	EndGlobalSection
	GlobalSection(ProjectConfigurationPlatforms) = postSolution
		{23897F2C-28F1-42F0-8C9F-6CFA41856E2A}.Debug|Any CPU.ActiveCfg = Debug|Any CPU
		{23897F2C-28F1-42F0-8C9F-6CFA41856E2A}.Debug|Any CPU.Build.0 = Debug|Any CPU
		{23897F2C-28F1-42F0-8C9F-6CFA41856E2A}.Release|Any CPU.ActiveCfg = Release|Any CPU
		{23897F2C-28F1-42F0-8C9F-6CFA41856E2A}.Release|Any CPU.Build.0 = Release|Any CPU
	EndGlobalSection
	GlobalSection(SolutionProperties) = preSolution
		HideSolutionNode = FALSE
	EndGlobalSection
	GlobalSection(ExtensibilityGlobals) = postSolution
		SolutionGuid = {EE32AA33-C9C6-46E7-88C7-4C8D921BBB69}
	EndGlobalSection
EndGlobal
